
Microsoft Visual Studio Solution File, Format Version 12.00
# Visual Studio Version 17
VisualStudioVersion = 17.12.35506.116 d17.12
MinimumVisualStudioVersion = 10.0.40219.1
Project("{FAE04EC0-301F-11D3-BF4B-00C04F79EFBC}") = "IntegrationSimulator.FakeERP", "FakeERP\src\IntegrationSimulator.FakeERP\IntegrationSimulator.FakeERP.csproj", "{93A1E53C-1C17-4AB7-9D61-DC02EBDE1310}"
EndProject
Project("{2150E333-8FDC-42A3-9474-1A3956D46DE8}") = "FakeERP", "FakeERP", "{FC91771D-9766-42AA-85DE-B073BD0C0B33}"
EndProject
Project("{2150E333-8FDC-42A3-9474-1A3956D46DE8}") = "src", "src", "{8B9C53D8-647D-4D83-9CCE-E28E674B9F66}"
EndProject
Project("{2150E333-8FDC-42A3-9474-1A3956D46DE8}") = "IntegrationService", "IntegrationService", "{A0A12C3A-55A9-4D2F-AB26-082A6A9BF31D}"
EndProject
Project("{2150E333-8FDC-42A3-9474-1A3956D46DE8}") = "src", "src", "{86F1A43E-F216-45F3-89D0-59562A3CB15B}"
	ProjectSection(SolutionItems) = preProject
		IntegrationService\src\Dockerfile = IntegrationService\src\Dockerfile
	EndProjectSection
EndProject
Project("{FAE04EC0-301F-11D3-BF4B-00C04F79EFBC}") = "IntegrationSimulator.IntegrationService.Domain", "IntegrationService\src\IntegrationSimulator.IntegrationService.Domain\IntegrationSimulator.IntegrationService.Domain.csproj", "{6926D99B-EE58-4E9F-B0B1-FDB17A052124}"
EndProject
Project("{FAE04EC0-301F-11D3-BF4B-00C04F79EFBC}") = "IntegrationSimulator.IntegrationService.Application", "IntegrationService\src\IntegrationSimulator.IntegrationService.Application\IntegrationSimulator.IntegrationService.Application.csproj", "{478F5C0C-F4F1-48ED-852D-E226751C1F39}"
EndProject
Project("{FAE04EC0-301F-11D3-BF4B-00C04F79EFBC}") = "IntegrationSimulator.IntegrationService.Infrastructure", "IntegrationService\src\IntegrationSimulator.IntegrationService.Infrastructure\IntegrationSimulator.IntegrationService.Infrastructure.csproj", "{5B6FF147-1275-4BB9-8DE1-35BE6C3CC2A3}"
EndProject
Project("{FAE04EC0-301F-11D3-BF4B-00C04F79EFBC}") = "IntegrationSimulator.IntegrationService.Program", "IntegrationService\src\IntegrationSimulator.IntegrationService.Program\IntegrationSimulator.IntegrationService.Program.csproj", "{51BBC04C-204A-4A72-93BD-E70987F9059C}"
EndProject
Global
	GlobalSection(SolutionConfigurationPlatforms) = preSolution
		Debug|Any CPU = Debug|Any CPU
		Release|Any CPU = Release|Any CPU
	EndGlobalSection
	GlobalSection(ProjectConfigurationPlatforms) = postSolution
		{93A1E53C-1C17-4AB7-9D61-DC02EBDE1310}.Debug|Any CPU.ActiveCfg = Debug|Any CPU
		{93A1E53C-1C17-4AB7-9D61-DC02EBDE1310}.Debug|Any CPU.Build.0 = Debug|Any CPU
		{93A1E53C-1C17-4AB7-9D61-DC02EBDE1310}.Release|Any CPU.ActiveCfg = Release|Any CPU
		{93A1E53C-1C17-4AB7-9D61-DC02EBDE1310}.Release|Any CPU.Build.0 = Release|Any CPU
		{6926D99B-EE58-4E9F-B0B1-FDB17A052124}.Debug|Any CPU.ActiveCfg = Debug|Any CPU
		{6926D99B-EE58-4E9F-B0B1-FDB17A052124}.Debug|Any CPU.Build.0 = Debug|Any CPU
		{6926D99B-EE58-4E9F-B0B1-FDB17A052124}.Release|Any CPU.ActiveCfg = Release|Any CPU
		{6926D99B-EE58-4E9F-B0B1-FDB17A052124}.Release|Any CPU.Build.0 = Release|Any CPU
		{478F5C0C-F4F1-48ED-852D-E226751C1F39}.Debug|Any CPU.ActiveCfg = Debug|Any CPU
		{478F5C0C-F4F1-48ED-852D-E226751C1F39}.Debug|Any CPU.Build.0 = Debug|Any CPU
		{478F5C0C-F4F1-48ED-852D-E226751C1F39}.Release|Any CPU.ActiveCfg = Release|Any CPU
		{478F5C0C-F4F1-48ED-852D-E226751C1F39}.Release|Any CPU.Build.0 = Release|Any CPU
		{5B6FF147-1275-4BB9-8DE1-35BE6C3CC2A3}.Debug|Any CPU.ActiveCfg = Debug|Any CPU
		{5B6FF147-1275-4BB9-8DE1-35BE6C3CC2A3}.Debug|Any CPU.Build.0 = Debug|Any CPU
		{5B6FF147-1275-4BB9-8DE1-35BE6C3CC2A3}.Release|Any CPU.ActiveCfg = Release|Any CPU
		{5B6FF147-1275-4BB9-8DE1-35BE6C3CC2A3}.Release|Any CPU.Build.0 = Release|Any CPU
		{51BBC04C-204A-4A72-93BD-E70987F9059C}.Debug|Any CPU.ActiveCfg = Debug|Any CPU
		{51BBC04C-204A-4A72-93BD-E70987F9059C}.Debug|Any CPU.Build.0 = Debug|Any CPU
		{51BBC04C-204A-4A72-93BD-E70987F9059C}.Release|Any CPU.ActiveCfg = Release|Any CPU
		{51BBC04C-204A-4A72-93BD-E70987F9059C}.Release|Any CPU.Build.0 = Release|Any CPU
	EndGlobalSection
	GlobalSection(SolutionProperties) = preSolution
		HideSolutionNode = FALSE
	EndGlobalSection
	GlobalSection(NestedProjects) = preSolution
		{93A1E53C-1C17-4AB7-9D61-DC02EBDE1310} = {8B9C53D8-647D-4D83-9CCE-E28E674B9F66}
		{8B9C53D8-647D-4D83-9CCE-E28E674B9F66} = {FC91771D-9766-42AA-85DE-B073BD0C0B33}
		{86F1A43E-F216-45F3-89D0-59562A3CB15B} = {A0A12C3A-55A9-4D2F-AB26-082A6A9BF31D}
		{6926D99B-EE58-4E9F-B0B1-FDB17A052124} = {86F1A43E-F216-45F3-89D0-59562A3CB15B}
		{478F5C0C-F4F1-48ED-852D-E226751C1F39} = {86F1A43E-F216-45F3-89D0-59562A3CB15B}
		{5B6FF147-1275-4BB9-8DE1-35BE6C3CC2A3} = {86F1A43E-F216-45F3-89D0-59562A3CB15B}
		{51BBC04C-204A-4A72-93BD-E70987F9059C} = {86F1A43E-F216-45F3-89D0-59562A3CB15B}
	EndGlobalSection
EndGlobal
